
Microsoft Visual Studio Solution File, Format Version 12.00
# Visual Studio 14
VisualStudioVersion = 14.0.25420.1
MinimumVisualStudioVersion = 10.0.40219.1
Project("{8BB2217D-0F2D-49D1-97BC-3654ED321F3B}") = "RoomBooking.Server", "RoomBooking.Server\RoomBooking.Server.xproj", "{ABFE8EFC-50D7-48B6-A119-E233DF5ECF69}"
EndProject
Project("{8BB2217D-0F2D-49D1-97BC-3654ED321F3B}") = "RoomBooking.Shared", "RoomBooking.Shared\RoomBooking.Shared.xproj", "{0401B79A-6164-42A7-94C9-72743065E236}"
EndProject
Project("{8BB2217D-0F2D-49D1-97BC-3654ED321F3B}") = "RoomBooking.DataProvider", "RoomBooking.DataProvider\RoomBooking.DataProvider.xproj", "{88B76D7E-A380-4C31-8DF5-33AF14E6B795}"
EndProject
Project("{8BB2217D-0F2D-49D1-97BC-3654ED321F3B}") = "RoomBooking.Manager", "RoomBooking.Manager\RoomBooking.Manager.xproj", "{583984E9-D7E5-452A-9BC7-5407825BF4B2}"
EndProject
Project("{2150E333-8FDC-42A3-9474-1A3956D46DE8}") = "Tests", "Tests", "{305A7389-9F55-4AE0-9154-04D427A18F1A}"
EndProject
Project("{8BB2217D-0F2D-49D1-97BC-3654ED321F3B}") = "RoomBooking.DataProvider.Tests", "RoomBooking.DataProvider.Tests\RoomBooking.DataProvider.Tests.xproj", "{492F756A-1369-47F2-B21C-FB75AE6AEA03}"
EndProject
Project("{8BB2217D-0F2D-49D1-97BC-3654ED321F3B}") = "RoomBooking.Server.Tests", "RoomBooking.Server.Tests\RoomBooking.Server.Tests.xproj", "{1577100B-8C7F-4E85-9775-97A3ECF974C2}"
EndProject
Project("{8BB2217D-0F2D-49D1-97BC-3654ED321F3B}") = "RoomBooking.Shared.Tests", "RoomBooking.Shared.Tests\RoomBooking.Shared.Tests.xproj", "{D26A160E-E13E-4010-9E39-5588199694DC}"
EndProject
Project("{8BB2217D-0F2D-49D1-97BC-3654ED321F3B}") = "RoomBooking.Manager.Tests", "RoomBooking.Manager.Tests\RoomBooking.Manager.Tests.xproj", "{15574C34-91FF-4397-9485-A7F7081463C9}"
EndProject
Global
	GlobalSection(SolutionConfigurationPlatforms) = preSolution
		Debug|Any CPU = Debug|Any CPU
		Release|Any CPU = Release|Any CPU
	EndGlobalSection
	GlobalSection(ProjectConfigurationPlatforms) = postSolution
		{ABFE8EFC-50D7-48B6-A119-E233DF5ECF69}.Debug|Any CPU.ActiveCfg = Debug|Any CPU
		{ABFE8EFC-50D7-48B6-A119-E233DF5ECF69}.Debug|Any CPU.Build.0 = Debug|Any CPU
		{ABFE8EFC-50D7-48B6-A119-E233DF5ECF69}.Release|Any CPU.ActiveCfg = Release|Any CPU
		{ABFE8EFC-50D7-48B6-A119-E233DF5ECF69}.Release|Any CPU.Build.0 = Release|Any CPU
		{0401B79A-6164-42A7-94C9-72743065E236}.Debug|Any CPU.ActiveCfg = Debug|Any CPU
		{0401B79A-6164-42A7-94C9-72743065E236}.Debug|Any CPU.Build.0 = Debug|Any CPU
		{0401B79A-6164-42A7-94C9-72743065E236}.Release|Any CPU.ActiveCfg = Release|Any CPU
		{0401B79A-6164-42A7-94C9-72743065E236}.Release|Any CPU.Build.0 = Release|Any CPU
		{88B76D7E-A380-4C31-8DF5-33AF14E6B795}.Debug|Any CPU.ActiveCfg = Debug|Any CPU
		{88B76D7E-A380-4C31-8DF5-33AF14E6B795}.Debug|Any CPU.Build.0 = Debug|Any CPU
		{88B76D7E-A380-4C31-8DF5-33AF14E6B795}.Release|Any CPU.ActiveCfg = Release|Any CPU
		{88B76D7E-A380-4C31-8DF5-33AF14E6B795}.Release|Any CPU.Build.0 = Release|Any CPU
		{583984E9-D7E5-452A-9BC7-5407825BF4B2}.Debug|Any CPU.ActiveCfg = Debug|Any CPU
		{583984E9-D7E5-452A-9BC7-5407825BF4B2}.Debug|Any CPU.Build.0 = Debug|Any CPU
		{583984E9-D7E5-452A-9BC7-5407825BF4B2}.Release|Any CPU.ActiveCfg = Release|Any CPU
		{583984E9-D7E5-452A-9BC7-5407825BF4B2}.Release|Any CPU.Build.0 = Release|Any CPU
		{492F756A-1369-47F2-B21C-FB75AE6AEA03}.Debug|Any CPU.ActiveCfg = Debug|Any CPU
		{492F756A-1369-47F2-B21C-FB75AE6AEA03}.Debug|Any CPU.Build.0 = Debug|Any CPU
		{492F756A-1369-47F2-B21C-FB75AE6AEA03}.Release|Any CPU.ActiveCfg = Release|Any CPU
		{492F756A-1369-47F2-B21C-FB75AE6AEA03}.Release|Any CPU.Build.0 = Release|Any CPU
		{1577100B-8C7F-4E85-9775-97A3ECF974C2}.Debug|Any CPU.ActiveCfg = Debug|Any CPU
		{1577100B-8C7F-4E85-9775-97A3ECF974C2}.Debug|Any CPU.Build.0 = Debug|Any CPU
		{1577100B-8C7F-4E85-9775-97A3ECF974C2}.Release|Any CPU.ActiveCfg = Release|Any CPU
		{1577100B-8C7F-4E85-9775-97A3ECF974C2}.Release|Any CPU.Build.0 = Release|Any CPU
		{D26A160E-E13E-4010-9E39-5588199694DC}.Debug|Any CPU.ActiveCfg = Debug|Any CPU
		{D26A160E-E13E-4010-9E39-5588199694DC}.Debug|Any CPU.Build.0 = Debug|Any CPU
		{D26A160E-E13E-4010-9E39-5588199694DC}.Release|Any CPU.ActiveCfg = Release|Any CPU
		{D26A160E-E13E-4010-9E39-5588199694DC}.Release|Any CPU.Build.0 = Release|Any CPU
		{15574C34-91FF-4397-9485-A7F7081463C9}.Debug|Any CPU.ActiveCfg = Debug|Any CPU
		{15574C34-91FF-4397-9485-A7F7081463C9}.Debug|Any CPU.Build.0 = Debug|Any CPU
		{15574C34-91FF-4397-9485-A7F7081463C9}.Release|Any CPU.ActiveCfg = Release|Any CPU
		{15574C34-91FF-4397-9485-A7F7081463C9}.Release|Any CPU.Build.0 = Release|Any CPU
	EndGlobalSection
	GlobalSection(SolutionProperties) = preSolution
		HideSolutionNode = FALSE
	EndGlobalSection
	GlobalSection(NestedProjects) = preSolution
		{492F756A-1369-47F2-B21C-FB75AE6AEA03} = {305A7389-9F55-4AE0-9154-04D427A18F1A}
		{1577100B-8C7F-4E85-9775-97A3ECF974C2} = {305A7389-9F55-4AE0-9154-04D427A18F1A}
		{D26A160E-E13E-4010-9E39-5588199694DC} = {305A7389-9F55-4AE0-9154-04D427A18F1A}
		{15574C34-91FF-4397-9485-A7F7081463C9} = {305A7389-9F55-4AE0-9154-04D427A18F1A}
	EndGlobalSection
EndGlobal
